
Microsoft Visual Studio Solution File, Format Version 12.00
# Visual Studio Version 17
VisualStudioVersion = 17.5.33530.505
MinimumVisualStudioVersion = 10.0.40219.1
Project("{9A19103F-16F7-4668-BE54-9A1E7A4F7556}") = "PPO2.Api", "PPO2.Api\PPO2.Api.csproj", "{55C05BD7-9C8D-431A-860C-2DD724FFCBB0}"
EndProject
Project("{FAE04EC0-301F-11D3-BF4B-00C04F79EFBC}") = "PPO2.Infrastructure", "PPO2.Infrastructure\PPO2.Infrastructure.csproj", "{A4EEE125-83D6-4898-98F8-1C0C5A3914B6}"
EndProject
Project("{FAE04EC0-301F-11D3-BF4B-00C04F79EFBC}") = "PPO2.Core", "PPO2.Core\PPO2.Core.csproj", "{FA90406B-4ACA-483D-8F44-952875ABEEF3}"
EndProject
Global
	GlobalSection(SolutionConfigurationPlatforms) = preSolution
		Debug|Any CPU = Debug|Any CPU
		Release|Any CPU = Release|Any CPU
	EndGlobalSection
	GlobalSection(ProjectConfigurationPlatforms) = postSolution
		{55C05BD7-9C8D-431A-860C-2DD724FFCBB0}.Debug|Any CPU.ActiveCfg = Debug|Any CPU
		{55C05BD7-9C8D-431A-860C-2DD724FFCBB0}.Debug|Any CPU.Build.0 = Debug|Any CPU
		{55C05BD7-9C8D-431A-860C-2DD724FFCBB0}.Release|Any CPU.ActiveCfg = Release|Any CPU
		{55C05BD7-9C8D-431A-860C-2DD724FFCBB0}.Release|Any CPU.Build.0 = Release|Any CPU
		{A4EEE125-83D6-4898-98F8-1C0C5A3914B6}.Debug|Any CPU.ActiveCfg = Debug|Any CPU
		{A4EEE125-83D6-4898-98F8-1C0C5A3914B6}.Debug|Any CPU.Build.0 = Debug|Any CPU
		{A4EEE125-83D6-4898-98F8-1C0C5A3914B6}.Release|Any CPU.ActiveCfg = Release|Any CPU
		{A4EEE125-83D6-4898-98F8-1C0C5A3914B6}.Release|Any CPU.Build.0 = Release|Any CPU
		{FA90406B-4ACA-483D-8F44-952875ABEEF3}.Debug|Any CPU.ActiveCfg = Debug|Any CPU
		{FA90406B-4ACA-483D-8F44-952875ABEEF3}.Debug|Any CPU.Build.0 = Debug|Any CPU
		{FA90406B-4ACA-483D-8F44-952875ABEEF3}.Release|Any CPU.ActiveCfg = Release|Any CPU
		{FA90406B-4ACA-483D-8F44-952875ABEEF3}.Release|Any CPU.Build.0 = Release|Any CPU
	EndGlobalSection
	GlobalSection(SolutionProperties) = preSolution
		HideSolutionNode = FALSE
	EndGlobalSection
	GlobalSection(ExtensibilityGlobals) = postSolution
		SolutionGuid = {44BDDF00-931A-4488-9957-C3F663D26825}
	EndGlobalSection
EndGlobal
